
Microsoft Visual Studio Solution File, Format Version 12.00
# Visual Studio Version 16
VisualStudioVersion = 16.0.29609.76
MinimumVisualStudioVersion = 10.0.40219.1
Project("{2150E333-8FDC-42A3-9474-1A3956D46DE8}") = "Application", "Application", "{A2B07C84-2445-4E69-A973-80AE3715894A}"
EndProject
Project("{2150E333-8FDC-42A3-9474-1A3956D46DE8}") = "Domain", "Domain", "{29ABFBD7-8D15-4619-BB44-6201F6784586}"
EndProject
Project("{2150E333-8FDC-42A3-9474-1A3956D46DE8}") = "Infra.Data", "Infra.Data", "{706802F1-7C91-430B-81EE-CA3A2C4859C5}"
EndProject
Project("{2150E333-8FDC-42A3-9474-1A3956D46DE8}") = "Infra.IoC", "Infra.IoC", "{1829C72F-A1C6-4566-985C-95DF76671D4F}"
EndProject
Project("{2150E333-8FDC-42A3-9474-1A3956D46DE8}") = "Presentation", "Presentation", "{9485AC22-94E9-4B09-8218-8E4CE3AC8310}"
EndProject
Project("{9A19103F-16F7-4668-BE54-9A1E7A4F7556}") = "CleanArch.Mvc", "CleanArch.Mvc\CleanArch.Mvc.csproj", "{D5D58B06-979E-4446-90D4-BB38919589DF}"
EndProject
Project("{9A19103F-16F7-4668-BE54-9A1E7A4F7556}") = "CleanArch.Domain", "CleanArch.Domain\CleanArch.Domain.csproj", "{DE11BAEB-97CD-483D-A814-FE813E796D54}"
EndProject
Project("{9A19103F-16F7-4668-BE54-9A1E7A4F7556}") = "CleanArch.Infra.Data", "CleanArch.Infra.Data\CleanArch.Infra.Data.csproj", "{B450B639-D530-4AF3-84DE-00474E191398}"
EndProject
Project("{9A19103F-16F7-4668-BE54-9A1E7A4F7556}") = "CleanArch.Application", "CleanArch.Application\CleanArch.Application.csproj", "{3F5E0D1C-691C-4C39-AAB5-82460F835317}"
EndProject
Project("{9A19103F-16F7-4668-BE54-9A1E7A4F7556}") = "CleanArch.Infra.IoC", "CleanArch.Infra.IoC\CleanArch.Infra.IoC.csproj", "{E4B46262-CFA1-4D4B-AC12-4CC225E3B2BD}"
EndProject
Project("{2150E333-8FDC-42A3-9474-1A3956D46DE8}") = "Infra.Bus", "Infra.Bus", "{4784FD7D-F074-47A3-ACF8-054144976DE2}"
EndProject
Project("{2150E333-8FDC-42A3-9474-1A3956D46DE8}") = "Api", "Api", "{514F1537-ADDE-4905-AEB6-9566D914D685}"
EndProject
Project("{FAE04EC0-301F-11D3-BF4B-00C04F79EFBC}") = "CleanArch.Infra.Bus", "CleanArch.Infra.Bus\CleanArch.Infra.Bus.csproj", "{56F69585-17DC-4C1A-9ED9-6EDB8F2A8BC3}"
EndProject
Project("{FAE04EC0-301F-11D3-BF4B-00C04F79EFBC}") = "CleanArch.Domain.Core", "CleanArch.Domain.Core\CleanArch.Domain.Core.csproj", "{7C808E86-B025-4F69-8A42-205FFBFA6C1F}"
EndProject
Project("{FAE04EC0-301F-11D3-BF4B-00C04F79EFBC}") = "CleanArch.Api", "CleanArch.Api\CleanArch.Api.csproj", "{A9C1F5C8-07A5-41E2-A49B-776763BBED9B}"
EndProject
Global
	GlobalSection(SolutionConfigurationPlatforms) = preSolution
		Debug|Any CPU = Debug|Any CPU
		Release|Any CPU = Release|Any CPU
	EndGlobalSection
	GlobalSection(ProjectConfigurationPlatforms) = postSolution
		{D5D58B06-979E-4446-90D4-BB38919589DF}.Debug|Any CPU.ActiveCfg = Debug|Any CPU
		{D5D58B06-979E-4446-90D4-BB38919589DF}.Debug|Any CPU.Build.0 = Debug|Any CPU
		{D5D58B06-979E-4446-90D4-BB38919589DF}.Release|Any CPU.ActiveCfg = Release|Any CPU
		{D5D58B06-979E-4446-90D4-BB38919589DF}.Release|Any CPU.Build.0 = Release|Any CPU
		{DE11BAEB-97CD-483D-A814-FE813E796D54}.Debug|Any CPU.ActiveCfg = Debug|Any CPU
		{DE11BAEB-97CD-483D-A814-FE813E796D54}.Debug|Any CPU.Build.0 = Debug|Any CPU
		{DE11BAEB-97CD-483D-A814-FE813E796D54}.Release|Any CPU.ActiveCfg = Release|Any CPU
		{DE11BAEB-97CD-483D-A814-FE813E796D54}.Release|Any CPU.Build.0 = Release|Any CPU
		{B450B639-D530-4AF3-84DE-00474E191398}.Debug|Any CPU.ActiveCfg = Debug|Any CPU
		{B450B639-D530-4AF3-84DE-00474E191398}.Debug|Any CPU.Build.0 = Debug|Any CPU
		{B450B639-D530-4AF3-84DE-00474E191398}.Release|Any CPU.ActiveCfg = Release|Any CPU
		{B450B639-D530-4AF3-84DE-00474E191398}.Release|Any CPU.Build.0 = Release|Any CPU
		{3F5E0D1C-691C-4C39-AAB5-82460F835317}.Debug|Any CPU.ActiveCfg = Debug|Any CPU
		{3F5E0D1C-691C-4C39-AAB5-82460F835317}.Debug|Any CPU.Build.0 = Debug|Any CPU
		{3F5E0D1C-691C-4C39-AAB5-82460F835317}.Release|Any CPU.ActiveCfg = Release|Any CPU
		{3F5E0D1C-691C-4C39-AAB5-82460F835317}.Release|Any CPU.Build.0 = Release|Any CPU
		{E4B46262-CFA1-4D4B-AC12-4CC225E3B2BD}.Debug|Any CPU.ActiveCfg = Debug|Any CPU
		{E4B46262-CFA1-4D4B-AC12-4CC225E3B2BD}.Debug|Any CPU.Build.0 = Debug|Any CPU
		{E4B46262-CFA1-4D4B-AC12-4CC225E3B2BD}.Release|Any CPU.ActiveCfg = Release|Any CPU
		{E4B46262-CFA1-4D4B-AC12-4CC225E3B2BD}.Release|Any CPU.Build.0 = Release|Any CPU
		{56F69585-17DC-4C1A-9ED9-6EDB8F2A8BC3}.Debug|Any CPU.ActiveCfg = Debug|Any CPU
		{56F69585-17DC-4C1A-9ED9-6EDB8F2A8BC3}.Debug|Any CPU.Build.0 = Debug|Any CPU
		{56F69585-17DC-4C1A-9ED9-6EDB8F2A8BC3}.Release|Any CPU.ActiveCfg = Release|Any CPU
		{56F69585-17DC-4C1A-9ED9-6EDB8F2A8BC3}.Release|Any CPU.Build.0 = Release|Any CPU
		{7C808E86-B025-4F69-8A42-205FFBFA6C1F}.Debug|Any CPU.ActiveCfg = Debug|Any CPU
		{7C808E86-B025-4F69-8A42-205FFBFA6C1F}.Debug|Any CPU.Build.0 = Debug|Any CPU
		{7C808E86-B025-4F69-8A42-205FFBFA6C1F}.Release|Any CPU.ActiveCfg = Release|Any CPU
		{7C808E86-B025-4F69-8A42-205FFBFA6C1F}.Release|Any CPU.Build.0 = Release|Any CPU
		{A9C1F5C8-07A5-41E2-A49B-776763BBED9B}.Debug|Any CPU.ActiveCfg = Debug|Any CPU
		{A9C1F5C8-07A5-41E2-A49B-776763BBED9B}.Debug|Any CPU.Build.0 = Debug|Any CPU
		{A9C1F5C8-07A5-41E2-A49B-776763BBED9B}.Release|Any CPU.ActiveCfg = Release|Any CPU
		{A9C1F5C8-07A5-41E2-A49B-776763BBED9B}.Release|Any CPU.Build.0 = Release|Any CPU
	EndGlobalSection
	GlobalSection(SolutionProperties) = preSolution
		HideSolutionNode = FALSE
	EndGlobalSection
	GlobalSection(NestedProjects) = preSolution
		{D5D58B06-979E-4446-90D4-BB38919589DF} = {9485AC22-94E9-4B09-8218-8E4CE3AC8310}
		{DE11BAEB-97CD-483D-A814-FE813E796D54} = {29ABFBD7-8D15-4619-BB44-6201F6784586}
		{B450B639-D530-4AF3-84DE-00474E191398} = {706802F1-7C91-430B-81EE-CA3A2C4859C5}
		{3F5E0D1C-691C-4C39-AAB5-82460F835317} = {A2B07C84-2445-4E69-A973-80AE3715894A}
		{E4B46262-CFA1-4D4B-AC12-4CC225E3B2BD} = {1829C72F-A1C6-4566-985C-95DF76671D4F}
		{56F69585-17DC-4C1A-9ED9-6EDB8F2A8BC3} = {4784FD7D-F074-47A3-ACF8-054144976DE2}
		{7C808E86-B025-4F69-8A42-205FFBFA6C1F} = {29ABFBD7-8D15-4619-BB44-6201F6784586}
		{A9C1F5C8-07A5-41E2-A49B-776763BBED9B} = {514F1537-ADDE-4905-AEB6-9566D914D685}
	EndGlobalSection
	GlobalSection(ExtensibilityGlobals) = postSolution
		SolutionGuid = {C4B76C88-1014-49F7-A681-39E3FB0A67B9}
	EndGlobalSection
EndGlobal
